{
  "pins" : [
    {
      "identity" : "sdwebimage",
      "kind" : "remoteSourceControl",
      "location" : "https://github.com/SDWebImage/SDWebImage.git",
      "state" : {
        "branch" : "master",
        "revision" : "9248fe561a2a153916fb9597e3af4434784c6d32"
      }
    },
    {
      "identity" : "skeletonview",
      "kind" : "remoteSourceControl",
      "location" : "https://github.com/Juanpe/SkeletonView.git",
      "state" : {
        "revision" : "cb4d48d603b650808677f2ddb381b05261b94a16",
        "version" : "1.30.3"
      }
    },
    {
      "identity" : "swiftyjson",
      "kind" : "remoteSourceControl",
      "location" : "https://github.com/SwiftyJSON/SwiftyJSON.git",
      "state" : {
        "branch" : "master",
        "revision" : "f8d4d57ebac1817f6aa161014f1d4e2e119cbf7b"
      }
    }
  ],
  "version" : 2
}
